
Microsoft Visual Studio Solution File, Format Version 12.00
# Visual Studio Version 16
VisualStudioVersion = 16.0.29503.13
MinimumVisualStudioVersion = 10.0.40219.1
Project("{FAE04EC0-301F-11D3-BF4B-00C04F79EFBC}") = "Caro", "Caro\Caro.csproj", "{8055B160-904D-4A32-B8A7-06D4668867C7}"
EndProject
Global
	GlobalSection(SolutionConfigurationPlatforms) = preSolution
		Debug|Any CPU = Debug|Any CPU
		Release|Any CPU = Release|Any CPU
	EndGlobalSection
	GlobalSection(ProjectConfigurationPlatforms) = postSolution
		{8055B160-904D-4A32-B8A7-06D4668867C7}.Debug|Any CPU.ActiveCfg = Debug|Any CPU
		{8055B160-904D-4A32-B8A7-06D4668867C7}.Debug|Any CPU.Build.0 = Debug|Any CPU
		{8055B160-904D-4A32-B8A7-06D4668867C7}.Release|Any CPU.ActiveCfg = Release|Any CPU
		{8055B160-904D-4A32-B8A7-06D4668867C7}.Release|Any CPU.Build.0 = Release|Any CPU
	EndGlobalSection
	GlobalSection(SolutionProperties) = preSolution
		HideSolutionNode = FALSE
	EndGlobalSection
	GlobalSection(ExtensibilityGlobals) = postSolution
		SolutionGuid = {D02E1D93-5E1A-4DA7-8FB8-9AA5F4AAFAD4}
	EndGlobalSection
EndGlobal
